// !$*UTF8*$!
{
	archiveVersion = 1;
	classes = {
	};
	objectVersion = 56;
	objects = {

/* Begin PBXBuildFile section */
		0A0A49C32A02D22300517E6F /* FSCalendar in Frameworks */ = {isa = PBXBuildFile; productRef = 0A0A49C22A02D22300517E6F /* FSCalendar */; };
		0A0A49C62A02D23900517E6F /* SnapKit in Frameworks */ = {isa = PBXBuildFile; productRef = 0A0A49C52A02D23900517E6F /* SnapKit */; };
		0A0A49D02A02D30F00517E6F /* GoogleSignIn in Frameworks */ = {isa = PBXBuildFile; productRef = 0A0A49CF2A02D30F00517E6F /* GoogleSignIn */; };
		0A0A49D22A02D30F00517E6F /* GoogleSignInSwift in Frameworks */ = {isa = PBXBuildFile; productRef = 0A0A49D12A02D30F00517E6F /* GoogleSignInSwift */; };
		0A0A49D52A02D3A100517E6F /* Realm in Frameworks */ = {isa = PBXBuildFile; productRef = 0A0A49D42A02D3A100517E6F /* Realm */; };
		0A0A49D72A02D3A100517E6F /* RealmSwift in Frameworks */ = {isa = PBXBuildFile; productRef = 0A0A49D62A02D3A100517E6F /* RealmSwift */; };
		0A0A49DA2A04E64F00517E6F /* FirebaseAuth in Frameworks */ = {isa = PBXBuildFile; productRef = 0A0A49D92A04E64F00517E6F /* FirebaseAuth */; };
		0A0A49DC2A04E64F00517E6F /* FirebaseDatabase in Frameworks */ = {isa = PBXBuildFile; productRef = 0A0A49DB2A04E64F00517E6F /* FirebaseDatabase */; };
		0A0A49DE2A04E64F00517E6F /* FirebaseDatabaseSwift in Frameworks */ = {isa = PBXBuildFile; productRef = 0A0A49DD2A04E64F00517E6F /* FirebaseDatabaseSwift */; };
		0A0CE6F729C461F600A14648 /* CreateEventScheduleVC.swift in Sources */ = {isa = PBXBuildFile; fileRef = 0A0CE6F629C461F600A14648 /* CreateEventScheduleVC.swift */; };
		0A2717B829FE518000EFBC11 /* OpenTaskDetailVC.swift in Sources */ = {isa = PBXBuildFile; fileRef = 0A2717B729FE518000EFBC11 /* OpenTaskDetailVC.swift */; };
		0A2717BA2A01F7FE00EFBC11 /* AllTasksDetailVC.swift in Sources */ = {isa = PBXBuildFile; fileRef = 0A2717B92A01F7FE00EFBC11 /* AllTasksDetailVC.swift */; };
		0A525DAF29FC3C3B009D116F /* AlertNewName.swift in Sources */ = {isa = PBXBuildFile; fileRef = 0A525DAE29FC3C3B009D116F /* AlertNewName.swift */; };
		0A6152122A09D57000A26792 /* AlertDismissed.swift in Sources */ = {isa = PBXBuildFile; fileRef = 0A6152112A09D57000A26792 /* AlertDismissed.swift */; };
		0A6152142A09E57700A26792 /* AlertActionWithURL.swift in Sources */ = {isa = PBXBuildFile; fileRef = 0A6152132A09E57700A26792 /* AlertActionWithURL.swift */; };
		0A7FFFB829EFD9E100CAC9DA /* ContactModel.swift in Sources */ = {isa = PBXBuildFile; fileRef = 0A7FFFB729EFD9E100CAC9DA /* ContactModel.swift */; };
		0A7FFFBA29EFDC0B00CAC9DA /* ContactRealmManager.swift in Sources */ = {isa = PBXBuildFile; fileRef = 0A7FFFB929EFDC0B00CAC9DA /* ContactRealmManager.swift */; };
		0A7FFFBD29F1326A00CAC9DA /* String+Extension.swift in Sources */ = {isa = PBXBuildFile; fileRef = 0A7FFFBC29F1326A00CAC9DA /* String+Extension.swift */; };
		0A86ED1029B5D97F001C9BAF /* AppDelegate.swift in Sources */ = {isa = PBXBuildFile; fileRef = 0A86ED0F29B5D97F001C9BAF /* AppDelegate.swift */; };
		0A86ED1229B5D97F001C9BAF /* SceneDelegate.swift in Sources */ = {isa = PBXBuildFile; fileRef = 0A86ED1129B5D97F001C9BAF /* SceneDelegate.swift */; };
		0A86ED1A29B5D97F001C9BAF /* ForgetAboutTasks.xcdatamodeld in Sources */ = {isa = PBXBuildFile; fileRef = 0A86ED1829B5D97F001C9BAF /* ForgetAboutTasks.xcdatamodeld */; };
		0A86ED1C29B5D981001C9BAF /* Assets.xcassets in Resources */ = {isa = PBXBuildFile; fileRef = 0A86ED1B29B5D981001C9BAF /* Assets.xcassets */; };
		0A86ED1F29B5D981001C9BAF /* LaunchScreen.storyboard in Resources */ = {isa = PBXBuildFile; fileRef = 0A86ED1D29B5D981001C9BAF /* LaunchScreen.storyboard */; };
		0A86ED2A29B5D981001C9BAF /* ForgetAboutTasksTests.swift in Sources */ = {isa = PBXBuildFile; fileRef = 0A86ED2929B5D981001C9BAF /* ForgetAboutTasksTests.swift */; };
		0A86ED3429B5D981001C9BAF /* ForgetAboutTasksUITests.swift in Sources */ = {isa = PBXBuildFile; fileRef = 0A86ED3329B5D981001C9BAF /* ForgetAboutTasksUITests.swift */; };
		0A86ED3629B5D981001C9BAF /* ForgetAboutTasksUITestsLaunchTests.swift in Sources */ = {isa = PBXBuildFile; fileRef = 0A86ED3529B5D981001C9BAF /* ForgetAboutTasksUITestsLaunchTests.swift */; };
		0A8AC19F29B9D00A00EA052B /* TabBarViewController.swift in Sources */ = {isa = PBXBuildFile; fileRef = 0A8AC19E29B9D00A00EA052B /* TabBarViewController.swift */; };
		0A8AC1A129B9D46D00EA052B /* ScheduleVC.swift in Sources */ = {isa = PBXBuildFile; fileRef = 0A8AC1A029B9D46D00EA052B /* ScheduleVC.swift */; };
		0A8AC1A429B9D4EB00EA052B /* CreateTaskForDayVC.swift in Sources */ = {isa = PBXBuildFile; fileRef = 0A8AC1A329B9D4EB00EA052B /* CreateTaskForDayVC.swift */; };
		0A8AC1A629B9D4FA00EA052B /* ContactsVC.swift in Sources */ = {isa = PBXBuildFile; fileRef = 0A8AC1A529B9D4FA00EA052B /* ContactsVC.swift */; };
		0A8AC1A829B9DBD300EA052B /* UserProfileVC.swift in Sources */ = {isa = PBXBuildFile; fileRef = 0A8AC1A729B9DBD300EA052B /* UserProfileVC.swift */; };
		0A8D250A2A29CED300022622 /* CheckSuccessSaveProtocol.swift in Sources */ = {isa = PBXBuildFile; fileRef = 0A8D25092A29CED300022622 /* CheckSuccessSaveProtocol.swift */; };
		0A8D250D2A2C108D00022622 /* ScheduleTableViewCell.swift in Sources */ = {isa = PBXBuildFile; fileRef = 0A8D250C2A2C108D00022622 /* ScheduleTableViewCell.swift */; };
		0A8DD8DB29BC8BEB00B2DDAB /* Formatters.swift in Sources */ = {isa = PBXBuildFile; fileRef = 0A8DD8DA29BC8BEB00B2DDAB /* Formatters.swift */; };
		0A9918B22A41B655001004FA /* LockscreenWidget.swift in Sources */ = {isa = PBXBuildFile; fileRef = 0AA1E9022A406A480052B849 /* LockscreenWidget.swift */; };
		0A9918B62A498C5A001004FA /* Localizable.strings in Resources */ = {isa = PBXBuildFile; fileRef = 0A9918B82A498C5A001004FA /* Localizable.strings */; };
		0A9918C22A4EC78B001004FA /* NotificationCenterAccess.swift in Sources */ = {isa = PBXBuildFile; fileRef = 0A9918C12A4EC78B001004FA /* NotificationCenterAccess.swift */; };
		0A9918C42A50158A001004FA /* CalendarCenterAccess.swift in Sources */ = {isa = PBXBuildFile; fileRef = 0A9918C32A50158A001004FA /* CalendarCenterAccess.swift */; };
		0A99A8FD29CD855100CC5A42 /* AlertTextField.swift in Sources */ = {isa = PBXBuildFile; fileRef = 0A99A8FC29CD855100CC5A42 /* AlertTextField.swift */; };
		0A99A8FF29CD8FE000CC5A42 /* AllTasksToDoVC.swift in Sources */ = {isa = PBXBuildFile; fileRef = 0A99A8FE29CD8FE000CC5A42 /* AllTasksToDoVC.swift */; };
		0A99A90729CD99CA00CC5A42 /* UserAuthController.swift in Sources */ = {isa = PBXBuildFile; fileRef = 0A99A90629CD99CA00CC5A42 /* UserAuthController.swift */; };
		0A99A90B29CD9CB300CC5A42 /* CheckAuth.swift in Sources */ = {isa = PBXBuildFile; fileRef = 0A99A90A29CD9CB300CC5A42 /* CheckAuth.swift */; };
		0A9E1C3829CEEC4B000CC9A9 /* GoogleService-Info.plist in Resources */ = {isa = PBXBuildFile; fileRef = 0A9E1C3729CEEC4B000CC9A9 /* GoogleService-Info.plist */; };
		0A9E1C3A29CEEDCE000CC9A9 /* LoginController.swift in Sources */ = {isa = PBXBuildFile; fileRef = 0A9E1C3929CEEDCE000CC9A9 /* LoginController.swift */; };
		0A9E1C3C29D0778F000CC9A9 /* RegisterAccountController.swift in Sources */ = {isa = PBXBuildFile; fileRef = 0A9E1C3B29D0778F000CC9A9 /* RegisterAccountController.swift */; };
		0AA1E8FA2A406A480052B849 /* WidgetKit.framework in Frameworks */ = {isa = PBXBuildFile; fileRef = 0AA1E8F92A406A470052B849 /* WidgetKit.framework */; };
		0AA1E8FC2A406A480052B849 /* SwiftUI.framework in Frameworks */ = {isa = PBXBuildFile; fileRef = 0AA1E8FB2A406A480052B849 /* SwiftUI.framework */; };
		0AA1E8FF2A406A480052B849 /* LockscreenWidgetBundle.swift in Sources */ = {isa = PBXBuildFile; fileRef = 0AA1E8FE2A406A480052B849 /* LockscreenWidgetBundle.swift */; };
		0AA1E9012A406A480052B849 /* LockscreenWidgetLiveActivity.swift in Sources */ = {isa = PBXBuildFile; fileRef = 0AA1E9002A406A480052B849 /* LockscreenWidgetLiveActivity.swift */; };
		0AA1E9062A406A4E0052B849 /* Assets.xcassets in Resources */ = {isa = PBXBuildFile; fileRef = 0AA1E9052A406A4E0052B849 /* Assets.xcassets */; };
		0AA1E9082A406A4E0052B849 /* LockscreenWidget.intentdefinition in Sources */ = {isa = PBXBuildFile; fileRef = 0AA1E9042A406A480052B849 /* LockscreenWidget.intentdefinition */; };
		0AA1E90C2A406A4E0052B849 /* LockscreenWidgetExtension.appex in Embed Foundation Extensions */ = {isa = PBXBuildFile; fileRef = 0AA1E8F72A406A470052B849 /* LockscreenWidgetExtension.appex */; settings = {ATTRIBUTES = (RemoveHeadersOnCopy, ); }; };
		0AA1E9132A411B7E0052B849 /* WidgetKit.framework in Frameworks */ = {isa = PBXBuildFile; fileRef = 0AA1E8F92A406A470052B849 /* WidgetKit.framework */; };
		0AA1E91C2A4125560052B849 /* LockscreenWidget.swift in Sources */ = {isa = PBXBuildFile; fileRef = 0AA1E9022A406A480052B849 /* LockscreenWidget.swift */; };
		0AA1E9392A4128CA0052B849 /* LockscreenWidget.intentdefinition in Sources */ = {isa = PBXBuildFile; fileRef = 0AA1E9042A406A480052B849 /* LockscreenWidget.intentdefinition */; };
		0AA604DC29E03CB1007ACE58 /* AlertContacts.swift in Sources */ = {isa = PBXBuildFile; fileRef = 0AA604DB29E03CB1007ACE58 /* AlertContacts.swift */; };
		0AA604DF29E04541007ACE58 /* AlertImagePicker.swift in Sources */ = {isa = PBXBuildFile; fileRef = 0AA604DE29E04541007ACE58 /* AlertImagePicker.swift */; };
		0AA604E329E14673007ACE58 /* ScheduleModel.swift in Sources */ = {isa = PBXBuildFile; fileRef = 0AA604E229E14673007ACE58 /* ScheduleModel.swift */; };
		0AA604E629E14814007ACE58 /* ScheduleRealmManager.swift in Sources */ = {isa = PBXBuildFile; fileRef = 0AA604E529E14814007ACE58 /* ScheduleRealmManager.swift */; };
		0AA604E929E16C05007ACE58 /* ColorExtensions.swift in Sources */ = {isa = PBXBuildFile; fileRef = 0AA604E829E16C05007ACE58 /* ColorExtensions.swift */; };
		0AA604EC29E16DC1007ACE58 /* PressButtonProtocols.swift in Sources */ = {isa = PBXBuildFile; fileRef = 0AA604EB29E16DC1007ACE58 /* PressButtonProtocols.swift */; };
		0AA74A2129E6EAB200F01532 /* ColorConverters.swift in Sources */ = {isa = PBXBuildFile; fileRef = 0AA74A2029E6EAB200F01532 /* ColorConverters.swift */; };
		0AA74A2429E715ED00F01532 /* DateFormatters.swift in Sources */ = {isa = PBXBuildFile; fileRef = 0AA74A2329E715ED00F01532 /* DateFormatters.swift */; };
		0AA74A2629EC521800F01532 /* AllTasksRealmManager.swift in Sources */ = {isa = PBXBuildFile; fileRef = 0AA74A2529EC521800F01532 /* AllTasksRealmManager.swift */; };
		0AA74A2829EC524200F01532 /* AllTaskModel.swift in Sources */ = {isa = PBXBuildFile; fileRef = 0AA74A2729EC524200F01532 /* AllTaskModel.swift */; };
		0AA8EC5D29C76968004DC6DD /* AlertDate.swift in Sources */ = {isa = PBXBuildFile; fileRef = 0AA8EC5C29C76968004DC6DD /* AlertDate.swift */; };
		0AA8EC5F29C7AA56004DC6DD /* AlertTime.swift in Sources */ = {isa = PBXBuildFile; fileRef = 0AA8EC5E29C7AA56004DC6DD /* AlertTime.swift */; };
		0AACE7A92A1F80D500531C84 /* ScheduleAllEventVC.swift in Sources */ = {isa = PBXBuildFile; fileRef = 0AACE7A82A1F80D500531C84 /* ScheduleAllEventVC.swift */; };
		0AB0A96F2A1C61D30084AE07 /* EditTaskTableVC.swift in Sources */ = {isa = PBXBuildFile; fileRef = 0AB0A96E2A1C61D30084AE07 /* EditTaskTableVC.swift */; };
		0AB763BA29E3FAC900BFDB0D /* AlertError.swift in Sources */ = {isa = PBXBuildFile; fileRef = 0AB763B929E3FAC900BFDB0D /* AlertError.swift */; };
		0ACE796B29D9EEAA00599C19 /* AlertSpinner.swift in Sources */ = {isa = PBXBuildFile; fileRef = 0ACE796A29D9EEAA00599C19 /* AlertSpinner.swift */; };
		0ACE797229DD95C600599C19 /* CreateTaskTableVC.swift in Sources */ = {isa = PBXBuildFile; fileRef = 0ACE797129DD95C600599C19 /* CreateTaskTableVC.swift */; };
		0ACE797829DECF3300599C19 /* NewContactVC.swift in Sources */ = {isa = PBXBuildFile; fileRef = 0ACE797729DECF3300599C19 /* NewContactVC.swift */; };
		0ACE797A29DED2D400599C19 /* NewContactCustomView.swift in Sources */ = {isa = PBXBuildFile; fileRef = 0ACE797929DED2D400599C19 /* NewContactCustomView.swift */; };
		0ADAB9FC2A310EEA00A5C2B2 /* AlertPhoneNumber.swift in Sources */ = {isa = PBXBuildFile; fileRef = 0ADAB9FB2A310EEA00A5C2B2 /* AlertPhoneNumber.swift */; };
		0AEAA9F32A264BBF00BE85A4 /* ResetPasswordController.swift in Sources */ = {isa = PBXBuildFile; fileRef = 0AEAA9F22A264BBF00BE85A4 /* ResetPasswordController.swift */; };
		0AEAA9F62A26884A00BE85A4 /* KeyChainClass.swift in Sources */ = {isa = PBXBuildFile; fileRef = 0AEAA9F52A26884A00BE85A4 /* KeyChainClass.swift */; };
		0AEAA9F82A272BB600BE85A4 /* EditContactVC.swift in Sources */ = {isa = PBXBuildFile; fileRef = 0AEAA9F72A272BB600BE85A4 /* EditContactVC.swift */; };
		0AF2D6EF2A1141360093A824 /* ScheduleSearchResultVC.swift in Sources */ = {isa = PBXBuildFile; fileRef = 0AF2D6EE2A1141360093A824 /* ScheduleSearchResultVC.swift */; };
		0AF2D6F12A1364EC0093A824 /* AlertUser.swift in Sources */ = {isa = PBXBuildFile; fileRef = 0AF2D6F02A1364EC0093A824 /* AlertUser.swift */; };
		0AF2D6F82A189A390093A824 /* EditEventScheduleVC.swift in Sources */ = {isa = PBXBuildFile; fileRef = 0AF2D6F72A189A390093A824 /* EditEventScheduleVC.swift */; };
/* End PBXBuildFile section */

/* Begin PBXContainerItemProxy section */
		0A86ED2629B5D981001C9BAF /* PBXContainerItemProxy */ = {
			isa = PBXContainerItemProxy;
			containerPortal = 0A86ED0429B5D97F001C9BAF /* Project object */;
			proxyType = 1;
			remoteGlobalIDString = 0A86ED0B29B5D97F001C9BAF;
			remoteInfo = ForgetAboutTasks;
		};
		0A86ED3029B5D981001C9BAF /* PBXContainerItemProxy */ = {
			isa = PBXContainerItemProxy;
			containerPortal = 0A86ED0429B5D97F001C9BAF /* Project object */;
			proxyType = 1;
			remoteGlobalIDString = 0A86ED0B29B5D97F001C9BAF;
			remoteInfo = ForgetAboutTasks;
		};
/* End PBXContainerItemProxy section */

/* Begin PBXCopyFilesBuildPhase section */
		0AA1E9102A406A4E0052B849 /* Embed Foundation Extensions */ = {
			isa = PBXCopyFilesBuildPhase;
			buildActionMask = 2147483647;
			dstPath = "";
			dstSubfolderSpec = 13;
			files = (
				0AA1E90C2A406A4E0052B849 /* LockscreenWidgetExtension.appex in Embed Foundation Extensions */,
			);
			name = "Embed Foundation Extensions";
			runOnlyForDeploymentPostprocessing = 0;
		};
/* End PBXCopyFilesBuildPhase section */

/* Begin PBXFileReference section */
		0A0CE6F629C461F600A14648 /* CreateEventScheduleVC.swift */ = {isa = PBXFileReference; lastKnownFileType = sourcecode.swift; path = CreateEventScheduleVC.swift; sourceTree = "<group>"; };
		0A2717B729FE518000EFBC11 /* OpenTaskDetailVC.swift */ = {isa = PBXFileReference; lastKnownFileType = sourcecode.swift; path = OpenTaskDetailVC.swift; sourceTree = "<group>"; };
		0A2717B92A01F7FE00EFBC11 /* AllTasksDetailVC.swift */ = {isa = PBXFileReference; lastKnownFileType = sourcecode.swift; path = AllTasksDetailVC.swift; sourceTree = "<group>"; };
		0A525DAE29FC3C3B009D116F /* AlertNewName.swift */ = {isa = PBXFileReference; lastKnownFileType = sourcecode.swift; path = AlertNewName.swift; sourceTree = "<group>"; };
		0A6152112A09D57000A26792 /* AlertDismissed.swift */ = {isa = PBXFileReference; lastKnownFileType = sourcecode.swift; path = AlertDismissed.swift; sourceTree = "<group>"; };
		0A6152132A09E57700A26792 /* AlertActionWithURL.swift */ = {isa = PBXFileReference; lastKnownFileType = sourcecode.swift; path = AlertActionWithURL.swift; sourceTree = "<group>"; };
		0A7FFFB729EFD9E100CAC9DA /* ContactModel.swift */ = {isa = PBXFileReference; lastKnownFileType = sourcecode.swift; path = ContactModel.swift; sourceTree = "<group>"; };
		0A7FFFB929EFDC0B00CAC9DA /* ContactRealmManager.swift */ = {isa = PBXFileReference; lastKnownFileType = sourcecode.swift; path = ContactRealmManager.swift; sourceTree = "<group>"; };
		0A7FFFBC29F1326A00CAC9DA /* String+Extension.swift */ = {isa = PBXFileReference; lastKnownFileType = sourcecode.swift; path = "String+Extension.swift"; sourceTree = "<group>"; };
		0A86ED0C29B5D97F001C9BAF /* ForgetAboutTasks.app */ = {isa = PBXFileReference; explicitFileType = wrapper.application; includeInIndex = 0; path = ForgetAboutTasks.app; sourceTree = BUILT_PRODUCTS_DIR; };
		0A86ED0F29B5D97F001C9BAF /* AppDelegate.swift */ = {isa = PBXFileReference; lastKnownFileType = sourcecode.swift; path = AppDelegate.swift; sourceTree = "<group>"; };
		0A86ED1129B5D97F001C9BAF /* SceneDelegate.swift */ = {isa = PBXFileReference; lastKnownFileType = sourcecode.swift; path = SceneDelegate.swift; sourceTree = "<group>"; };
		0A86ED1929B5D97F001C9BAF /* ForgetAboutTasks.xcdatamodel */ = {isa = PBXFileReference; lastKnownFileType = wrapper.xcdatamodel; path = ForgetAboutTasks.xcdatamodel; sourceTree = "<group>"; };
		0A86ED1B29B5D981001C9BAF /* Assets.xcassets */ = {isa = PBXFileReference; lastKnownFileType = folder.assetcatalog; path = Assets.xcassets; sourceTree = "<group>"; };
		0A86ED1E29B5D981001C9BAF /* Base */ = {isa = PBXFileReference; lastKnownFileType = file.storyboard; name = Base; path = Base.lproj/LaunchScreen.storyboard; sourceTree = "<group>"; };
		0A86ED2029B5D981001C9BAF /* Info.plist */ = {isa = PBXFileReference; lastKnownFileType = text.plist.xml; path = Info.plist; sourceTree = "<group>"; };
		0A86ED2529B5D981001C9BAF /* ForgetAboutTasksTests.xctest */ = {isa = PBXFileReference; explicitFileType = wrapper.cfbundle; includeInIndex = 0; path = ForgetAboutTasksTests.xctest; sourceTree = BUILT_PRODUCTS_DIR; };
		0A86ED2929B5D981001C9BAF /* ForgetAboutTasksTests.swift */ = {isa = PBXFileReference; lastKnownFileType = sourcecode.swift; path = ForgetAboutTasksTests.swift; sourceTree = "<group>"; };
		0A86ED2F29B5D981001C9BAF /* ForgetAboutTasksUITests.xctest */ = {isa = PBXFileReference; explicitFileType = wrapper.cfbundle; includeInIndex = 0; path = ForgetAboutTasksUITests.xctest; sourceTree = BUILT_PRODUCTS_DIR; };
		0A86ED3329B5D981001C9BAF /* ForgetAboutTasksUITests.swift */ = {isa = PBXFileReference; lastKnownFileType = sourcecode.swift; path = ForgetAboutTasksUITests.swift; sourceTree = "<group>"; };
		0A86ED3529B5D981001C9BAF /* ForgetAboutTasksUITestsLaunchTests.swift */ = {isa = PBXFileReference; lastKnownFileType = sourcecode.swift; path = ForgetAboutTasksUITestsLaunchTests.swift; sourceTree = "<group>"; };
		0A8AC19E29B9D00A00EA052B /* TabBarViewController.swift */ = {isa = PBXFileReference; lastKnownFileType = sourcecode.swift; path = TabBarViewController.swift; sourceTree = "<group>"; };
		0A8AC1A029B9D46D00EA052B /* ScheduleVC.swift */ = {isa = PBXFileReference; lastKnownFileType = sourcecode.swift; path = ScheduleVC.swift; sourceTree = "<group>"; };
		0A8AC1A329B9D4EB00EA052B /* CreateTaskForDayVC.swift */ = {isa = PBXFileReference; lastKnownFileType = sourcecode.swift; path = CreateTaskForDayVC.swift; sourceTree = "<group>"; };
		0A8AC1A529B9D4FA00EA052B /* ContactsVC.swift */ = {isa = PBXFileReference; lastKnownFileType = sourcecode.swift; path = ContactsVC.swift; sourceTree = "<group>"; };
		0A8AC1A729B9DBD300EA052B /* UserProfileVC.swift */ = {isa = PBXFileReference; lastKnownFileType = sourcecode.swift; path = UserProfileVC.swift; sourceTree = "<group>"; };
		0A8D25092A29CED300022622 /* CheckSuccessSaveProtocol.swift */ = {isa = PBXFileReference; lastKnownFileType = sourcecode.swift; path = CheckSuccessSaveProtocol.swift; sourceTree = "<group>"; };
		0A8D250C2A2C108D00022622 /* ScheduleTableViewCell.swift */ = {isa = PBXFileReference; lastKnownFileType = sourcecode.swift; path = ScheduleTableViewCell.swift; sourceTree = "<group>"; };
		0A8DD8DA29BC8BEB00B2DDAB /* Formatters.swift */ = {isa = PBXFileReference; lastKnownFileType = sourcecode.swift; path = Formatters.swift; sourceTree = "<group>"; };
		0A9918B32A41B8FB001004FA /* LockscreenWidgetExtension.entitlements */ = {isa = PBXFileReference; lastKnownFileType = text.plist.entitlements; path = LockscreenWidgetExtension.entitlements; sourceTree = "<group>"; };
		0A9918B72A498C5A001004FA /* en */ = {isa = PBXFileReference; lastKnownFileType = text.plist.strings; name = en; path = en.lproj/Localizable.strings; sourceTree = "<group>"; };
		0A9918B92A498C8B001004FA /* ru */ = {isa = PBXFileReference; lastKnownFileType = text.plist.strings; name = ru; path = ru.lproj/Localizable.strings; sourceTree = "<group>"; };
		0A9918C12A4EC78B001004FA /* NotificationCenterAccess.swift */ = {isa = PBXFileReference; lastKnownFileType = sourcecode.swift; path = NotificationCenterAccess.swift; sourceTree = "<group>"; };
		0A9918C32A50158A001004FA /* CalendarCenterAccess.swift */ = {isa = PBXFileReference; lastKnownFileType = sourcecode.swift; path = CalendarCenterAccess.swift; sourceTree = "<group>"; };
		0A99A8FC29CD855100CC5A42 /* AlertTextField.swift */ = {isa = PBXFileReference; lastKnownFileType = sourcecode.swift; path = AlertTextField.swift; sourceTree = "<group>"; };
		0A99A8FE29CD8FE000CC5A42 /* AllTasksToDoVC.swift */ = {isa = PBXFileReference; lastKnownFileType = sourcecode.swift; path = AllTasksToDoVC.swift; sourceTree = "<group>"; };
		0A99A90629CD99CA00CC5A42 /* UserAuthController.swift */ = {isa = PBXFileReference; lastKnownFileType = sourcecode.swift; path = UserAuthController.swift; sourceTree = "<group>"; };
		0A99A90A29CD9CB300CC5A42 /* CheckAuth.swift */ = {isa = PBXFileReference; lastKnownFileType = sourcecode.swift; path = CheckAuth.swift; sourceTree = "<group>"; };
		0A9E1C3729CEEC4B000CC9A9 /* GoogleService-Info.plist */ = {isa = PBXFileReference; fileEncoding = 4; lastKnownFileType = text.plist.xml; path = "GoogleService-Info.plist"; sourceTree = "<group>"; };
		0A9E1C3929CEEDCE000CC9A9 /* LoginController.swift */ = {isa = PBXFileReference; lastKnownFileType = sourcecode.swift; path = LoginController.swift; sourceTree = "<group>"; };
		0A9E1C3B29D0778F000CC9A9 /* RegisterAccountController.swift */ = {isa = PBXFileReference; lastKnownFileType = sourcecode.swift; path = RegisterAccountController.swift; sourceTree = "<group>"; };
		0A9E1C4329D46851000CC9A9 /* ForgetAboutTasks.entitlements */ = {isa = PBXFileReference; lastKnownFileType = text.plist.entitlements; path = ForgetAboutTasks.entitlements; sourceTree = "<group>"; };
		0AA1E8F72A406A470052B849 /* LockscreenWidgetExtension.appex */ = {isa = PBXFileReference; explicitFileType = "wrapper.app-extension"; includeInIndex = 0; path = LockscreenWidgetExtension.appex; sourceTree = BUILT_PRODUCTS_DIR; };
		0AA1E8F92A406A470052B849 /* WidgetKit.framework */ = {isa = PBXFileReference; lastKnownFileType = wrapper.framework; name = WidgetKit.framework; path = System/Library/Frameworks/WidgetKit.framework; sourceTree = SDKROOT; };
		0AA1E8FB2A406A480052B849 /* SwiftUI.framework */ = {isa = PBXFileReference; lastKnownFileType = wrapper.framework; name = SwiftUI.framework; path = System/Library/Frameworks/SwiftUI.framework; sourceTree = SDKROOT; };
		0AA1E8FE2A406A480052B849 /* LockscreenWidgetBundle.swift */ = {isa = PBXFileReference; lastKnownFileType = sourcecode.swift; path = LockscreenWidgetBundle.swift; sourceTree = "<group>"; };
		0AA1E9002A406A480052B849 /* LockscreenWidgetLiveActivity.swift */ = {isa = PBXFileReference; lastKnownFileType = sourcecode.swift; path = LockscreenWidgetLiveActivity.swift; sourceTree = "<group>"; };
		0AA1E9022A406A480052B849 /* LockscreenWidget.swift */ = {isa = PBXFileReference; lastKnownFileType = sourcecode.swift; path = LockscreenWidget.swift; sourceTree = "<group>"; };
		0AA1E9042A406A480052B849 /* LockscreenWidget.intentdefinition */ = {isa = PBXFileReference; lastKnownFileType = file.intentdefinition; path = LockscreenWidget.intentdefinition; sourceTree = "<group>"; };
		0AA1E9052A406A4E0052B849 /* Assets.xcassets */ = {isa = PBXFileReference; lastKnownFileType = folder.assetcatalog; path = Assets.xcassets; sourceTree = "<group>"; };
		0AA1E9072A406A4E0052B849 /* Info.plist */ = {isa = PBXFileReference; lastKnownFileType = text.plist.xml; path = Info.plist; sourceTree = "<group>"; };
		0AA604DB29E03CB1007ACE58 /* AlertContacts.swift */ = {isa = PBXFileReference; lastKnownFileType = sourcecode.swift; path = AlertContacts.swift; sourceTree = "<group>"; };
		0AA604DE29E04541007ACE58 /* AlertImagePicker.swift */ = {isa = PBXFileReference; lastKnownFileType = sourcecode.swift; path = AlertImagePicker.swift; sourceTree = "<group>"; };
		0AA604E229E14673007ACE58 /* ScheduleModel.swift */ = {isa = PBXFileReference; lastKnownFileType = sourcecode.swift; path = ScheduleModel.swift; sourceTree = "<group>"; };
		0AA604E529E14814007ACE58 /* ScheduleRealmManager.swift */ = {isa = PBXFileReference; lastKnownFileType = sourcecode.swift; path = ScheduleRealmManager.swift; sourceTree = "<group>"; };
		0AA604E829E16C05007ACE58 /* ColorExtensions.swift */ = {isa = PBXFileReference; lastKnownFileType = sourcecode.swift; path = ColorExtensions.swift; sourceTree = "<group>"; };
		0AA604EB29E16DC1007ACE58 /* PressButtonProtocols.swift */ = {isa = PBXFileReference; lastKnownFileType = sourcecode.swift; path = PressButtonProtocols.swift; sourceTree = "<group>"; };
		0AA74A2029E6EAB200F01532 /* ColorConverters.swift */ = {isa = PBXFileReference; lastKnownFileType = sourcecode.swift; path = ColorConverters.swift; sourceTree = "<group>"; };
		0AA74A2329E715ED00F01532 /* DateFormatters.swift */ = {isa = PBXFileReference; lastKnownFileType = sourcecode.swift; path = DateFormatters.swift; sourceTree = "<group>"; };
		0AA74A2529EC521800F01532 /* AllTasksRealmManager.swift */ = {isa = PBXFileReference; lastKnownFileType = sourcecode.swift; path = AllTasksRealmManager.swift; sourceTree = "<group>"; };
		0AA74A2729EC524200F01532 /* AllTaskModel.swift */ = {isa = PBXFileReference; lastKnownFileType = sourcecode.swift; path = AllTaskModel.swift; sourceTree = "<group>"; };
		0AA8EC5C29C76968004DC6DD /* AlertDate.swift */ = {isa = PBXFileReference; lastKnownFileType = sourcecode.swift; path = AlertDate.swift; sourceTree = "<group>"; };
		0AA8EC5E29C7AA56004DC6DD /* AlertTime.swift */ = {isa = PBXFileReference; lastKnownFileType = sourcecode.swift; path = AlertTime.swift; sourceTree = "<group>"; };
		0AACE7A82A1F80D500531C84 /* ScheduleAllEventVC.swift */ = {isa = PBXFileReference; lastKnownFileType = sourcecode.swift; path = ScheduleAllEventVC.swift; sourceTree = "<group>"; };
		0AB0A96E2A1C61D30084AE07 /* EditTaskTableVC.swift */ = {isa = PBXFileReference; lastKnownFileType = sourcecode.swift; path = EditTaskTableVC.swift; sourceTree = "<group>"; };
		0AB763B929E3FAC900BFDB0D /* AlertError.swift */ = {isa = PBXFileReference; lastKnownFileType = sourcecode.swift; path = AlertError.swift; sourceTree = "<group>"; };
		0ACE796A29D9EEAA00599C19 /* AlertSpinner.swift */ = {isa = PBXFileReference; lastKnownFileType = sourcecode.swift; path = AlertSpinner.swift; sourceTree = "<group>"; };
		0ACE797129DD95C600599C19 /* CreateTaskTableVC.swift */ = {isa = PBXFileReference; lastKnownFileType = sourcecode.swift; path = CreateTaskTableVC.swift; sourceTree = "<group>"; };
		0ACE797729DECF3300599C19 /* NewContactVC.swift */ = {isa = PBXFileReference; lastKnownFileType = sourcecode.swift; path = NewContactVC.swift; sourceTree = "<group>"; };
		0ACE797929DED2D400599C19 /* NewContactCustomView.swift */ = {isa = PBXFileReference; lastKnownFileType = sourcecode.swift; path = NewContactCustomView.swift; sourceTree = "<group>"; };
		0ADAB9FB2A310EEA00A5C2B2 /* AlertPhoneNumber.swift */ = {isa = PBXFileReference; lastKnownFileType = sourcecode.swift; path = AlertPhoneNumber.swift; sourceTree = "<group>"; };
		0AEAA9F22A264BBF00BE85A4 /* ResetPasswordController.swift */ = {isa = PBXFileReference; lastKnownFileType = sourcecode.swift; path = ResetPasswordController.swift; sourceTree = "<group>"; };
		0AEAA9F52A26884A00BE85A4 /* KeyChainClass.swift */ = {isa = PBXFileReference; lastKnownFileType = sourcecode.swift; path = KeyChainClass.swift; sourceTree = "<group>"; };
		0AEAA9F72A272BB600BE85A4 /* EditContactVC.swift */ = {isa = PBXFileReference; lastKnownFileType = sourcecode.swift; path = EditContactVC.swift; sourceTree = "<group>"; };
		0AF2D6EE2A1141360093A824 /* ScheduleSearchResultVC.swift */ = {isa = PBXFileReference; lastKnownFileType = sourcecode.swift; path = ScheduleSearchResultVC.swift; sourceTree = "<group>"; };
		0AF2D6F02A1364EC0093A824 /* AlertUser.swift */ = {isa = PBXFileReference; lastKnownFileType = sourcecode.swift; path = AlertUser.swift; sourceTree = "<group>"; };
		0AF2D6F72A189A390093A824 /* EditEventScheduleVC.swift */ = {isa = PBXFileReference; lastKnownFileType = sourcecode.swift; path = EditEventScheduleVC.swift; sourceTree = "<group>"; };
/* End PBXFileReference section */

/* Begin PBXFrameworksBuildPhase section */
		0A86ED0929B5D97F001C9BAF /* Frameworks */ = {
			isa = PBXFrameworksBuildPhase;
			buildActionMask = 2147483647;
			files = (
				0A0A49C32A02D22300517E6F /* FSCalendar in Frameworks */,
				0A0A49D22A02D30F00517E6F /* GoogleSignInSwift in Frameworks */,
				0A0A49D72A02D3A100517E6F /* RealmSwift in Frameworks */,
				0A0A49DE2A04E64F00517E6F /* FirebaseDatabaseSwift in Frameworks */,
				0A0A49C62A02D23900517E6F /* SnapKit in Frameworks */,
				0A0A49D52A02D3A100517E6F /* Realm in Frameworks */,
				0A0A49DA2A04E64F00517E6F /* FirebaseAuth in Frameworks */,
				0AA1E9132A411B7E0052B849 /* WidgetKit.framework in Frameworks */,
				0A0A49DC2A04E64F00517E6F /* FirebaseDatabase in Frameworks */,
				0A0A49D02A02D30F00517E6F /* GoogleSignIn in Frameworks */,
			);
			runOnlyForDeploymentPostprocessing = 0;
		};
		0A86ED2229B5D981001C9BAF /* Frameworks */ = {
			isa = PBXFrameworksBuildPhase;
			buildActionMask = 2147483647;
			files = (
			);
			runOnlyForDeploymentPostprocessing = 0;
		};
		0A86ED2C29B5D981001C9BAF /* Frameworks */ = {
			isa = PBXFrameworksBuildPhase;
			buildActionMask = 2147483647;
			files = (
			);
			runOnlyForDeploymentPostprocessing = 0;
		};
		0AA1E8F42A406A470052B849 /* Frameworks */ = {
			isa = PBXFrameworksBuildPhase;
			buildActionMask = 2147483647;
			files = (
				0AA1E8FC2A406A480052B849 /* SwiftUI.framework in Frameworks */,
				0AA1E8FA2A406A480052B849 /* WidgetKit.framework in Frameworks */,
			);
			runOnlyForDeploymentPostprocessing = 0;
		};
/* End PBXFrameworksBuildPhase section */

/* Begin PBXGroup section */
		0A7FFFBB29F1325500CAC9DA /* String+Extensions */ = {
			isa = PBXGroup;
			children = (
				0A7FFFBC29F1326A00CAC9DA /* String+Extension.swift */,
			);
			path = "String+Extensions";
			sourceTree = "<group>";
		};
		0A86ED0329B5D97F001C9BAF = {
			isa = PBXGroup;
			children = (
				0A9918B32A41B8FB001004FA /* LockscreenWidgetExtension.entitlements */,
				0A86ED0E29B5D97F001C9BAF /* ForgetAboutTasks */,
				0AA1E8FD2A406A480052B849 /* LockscreenWidget */,
				0A86ED2829B5D981001C9BAF /* ForgetAboutTasksTests */,
				0A86ED3229B5D981001C9BAF /* ForgetAboutTasksUITests */,
				0AA1E8F82A406A470052B849 /* Frameworks */,
				0A86ED0D29B5D97F001C9BAF /* Products */,
			);
			sourceTree = "<group>";
		};
		0A86ED0D29B5D97F001C9BAF /* Products */ = {
			isa = PBXGroup;
			children = (
				0A86ED0C29B5D97F001C9BAF /* ForgetAboutTasks.app */,
				0A86ED2529B5D981001C9BAF /* ForgetAboutTasksTests.xctest */,
				0A86ED2F29B5D981001C9BAF /* ForgetAboutTasksUITests.xctest */,
				0AA1E8F72A406A470052B849 /* LockscreenWidgetExtension.appex */,
			);
			name = Products;
			sourceTree = "<group>";
		};
		0A86ED0E29B5D97F001C9BAF /* ForgetAboutTasks */ = {
			isa = PBXGroup;
			children = (
				0A9E1C4329D46851000CC9A9 /* ForgetAboutTasks.entitlements */,
				0A8AC1A229B9D4D700EA052B /* Controllers */,
				0A8D250B2A2C105800022622 /* Table VIew Custom Cells */,
				0AEAA9F42A2687D400BE85A4 /* KeyChain  */,
				0A99A90929CD9C9700CC5A42 /* UserDefaults */,
				0AA604E029E1460E007ACE58 /* Model */,
				0AA604E429E14805007ACE58 /* Realm Managers */,
				0AA604EA29E16DA1007ACE58 /* Protocols */,
				0AA8EC7029CAF52E004DC6DD /* Extensions */,
				0A8AC19C29B9C8A400EA052B /* Resources */,
				0A8AC19929B9C87300EA052B /* System Delegates */,
				0A86ED1829B5D97F001C9BAF /* ForgetAboutTasks.xcdatamodeld */,
			);
			path = ForgetAboutTasks;
			sourceTree = "<group>";
		};
		0A86ED2829B5D981001C9BAF /* ForgetAboutTasksTests */ = {
			isa = PBXGroup;
			children = (
				0A86ED2929B5D981001C9BAF /* ForgetAboutTasksTests.swift */,
			);
			path = ForgetAboutTasksTests;
			sourceTree = "<group>";
		};
		0A86ED3229B5D981001C9BAF /* ForgetAboutTasksUITests */ = {
			isa = PBXGroup;
			children = (
				0A86ED3329B5D981001C9BAF /* ForgetAboutTasksUITests.swift */,
				0A86ED3529B5D981001C9BAF /* ForgetAboutTasksUITestsLaunchTests.swift */,
			);
			path = ForgetAboutTasksUITests;
			sourceTree = "<group>";
		};
		0A8AC19929B9C87300EA052B /* System Delegates */ = {
			isa = PBXGroup;
			children = (
				0A86ED0F29B5D97F001C9BAF /* AppDelegate.swift */,
				0A86ED1129B5D97F001C9BAF /* SceneDelegate.swift */,
			);
			path = "System Delegates";
			sourceTree = "<group>";
		};
		0A8AC19C29B9C8A400EA052B /* Resources */ = {
			isa = PBXGroup;
			children = (
				0A9918B82A498C5A001004FA /* Localizable.strings */,
				0A86ED1B29B5D981001C9BAF /* Assets.xcassets */,
				0A86ED1D29B5D981001C9BAF /* LaunchScreen.storyboard */,
				0A86ED2029B5D981001C9BAF /* Info.plist */,
				0A9E1C3729CEEC4B000CC9A9 /* GoogleService-Info.plist */,
			);
			path = Resources;
			sourceTree = "<group>";
		};
		0A8AC1A229B9D4D700EA052B /* Controllers */ = {
			isa = PBXGroup;
			children = (
				0A8AC19E29B9D00A00EA052B /* TabBarViewController.swift */,
				0A99A90529CD99B400CC5A42 /* UserAuth */,
				0A99A90329CD98E600CC5A42 /* UserProfile */,
				0A99A90029CD98C600CC5A42 /* Schedule */,
				0A99A90129CD98CE00CC5A42 /* AllTasks */,
				0A99A90229CD98DD00CC5A42 /* Contacts */,
			);
			path = Controllers;
			sourceTree = "<group>";
		};
		0A8D250B2A2C105800022622 /* Table VIew Custom Cells */ = {
			isa = PBXGroup;
			children = (
				0A8D250C2A2C108D00022622 /* ScheduleTableViewCell.swift */,
			);
			path = "Table VIew Custom Cells";
			sourceTree = "<group>";
		};
		0A8DD8D929BC8BD900B2DDAB /* DateFormatters */ = {
			isa = PBXGroup;
			children = (
				0A8DD8DA29BC8BEB00B2DDAB /* Formatters.swift */,
			);
			path = DateFormatters;
			sourceTree = "<group>";
		};
		0A9918C02A4EC75D001004FA /* AccessSettings+Extension */ = {
			isa = PBXGroup;
			children = (
				0A9918C12A4EC78B001004FA /* NotificationCenterAccess.swift */,
				0A9918C32A50158A001004FA /* CalendarCenterAccess.swift */,
			);
			path = "AccessSettings+Extension";
			sourceTree = "<group>";
		};
		0A99A90029CD98C600CC5A42 /* Schedule */ = {
			isa = PBXGroup;
			children = (
				0AF2D6F62A189A1F0093A824 /* ScheduleVC */,
				0A8AC1A329B9D4EB00EA052B /* CreateTaskForDayVC.swift */,
				0A2717B729FE518000EFBC11 /* OpenTaskDetailVC.swift */,
				0AF2D6F92A189CF00093A824 /* EventEditingOrCreating */,
			);
			path = Schedule;
			sourceTree = "<group>";
		};
		0A99A90129CD98CE00CC5A42 /* AllTasks */ = {
			isa = PBXGroup;
			children = (
				0A99A8FE29CD8FE000CC5A42 /* AllTasksToDoVC.swift */,
				0A2717B92A01F7FE00EFBC11 /* AllTasksDetailVC.swift */,
				0ACE797129DD95C600599C19 /* CreateTaskTableVC.swift */,
				0AB0A96E2A1C61D30084AE07 /* EditTaskTableVC.swift */,
			);
			path = AllTasks;
			sourceTree = "<group>";
		};
		0A99A90229CD98DD00CC5A42 /* Contacts */ = {
			isa = PBXGroup;
			children = (
				0A8AC1A529B9D4FA00EA052B /* ContactsVC.swift */,
				0ACE797729DECF3300599C19 /* NewContactVC.swift */,
				0AEAA9F72A272BB600BE85A4 /* EditContactVC.swift */,
				0AA604DD29E04042007ACE58 /* NewContactView */,
			);
			path = Contacts;
			sourceTree = "<group>";
		};
		0A99A90329CD98E600CC5A42 /* UserProfile */ = {
			isa = PBXGroup;
			children = (
				0A8AC1A729B9DBD300EA052B /* UserProfileVC.swift */,
			);
			path = UserProfile;
			sourceTree = "<group>";
		};
		0A99A90529CD99B400CC5A42 /* UserAuth */ = {
			isa = PBXGroup;
			children = (
				0A99A90629CD99CA00CC5A42 /* UserAuthController.swift */,
				0A9E1C3929CEEDCE000CC9A9 /* LoginController.swift */,
				0A9E1C3B29D0778F000CC9A9 /* RegisterAccountController.swift */,
				0AEAA9F22A264BBF00BE85A4 /* ResetPasswordController.swift */,
			);
			path = UserAuth;
			sourceTree = "<group>";
		};
		0A99A90929CD9C9700CC5A42 /* UserDefaults */ = {
			isa = PBXGroup;
			children = (
				0A99A90A29CD9CB300CC5A42 /* CheckAuth.swift */,
			);
			path = UserDefaults;
			sourceTree = "<group>";
		};
		0AA1E8F82A406A470052B849 /* Frameworks */ = {
			isa = PBXGroup;
			children = (
				0AA1E8F92A406A470052B849 /* WidgetKit.framework */,
				0AA1E8FB2A406A480052B849 /* SwiftUI.framework */,
			);
			name = Frameworks;
			sourceTree = "<group>";
		};
		0AA1E8FD2A406A480052B849 /* LockscreenWidget */ = {
			isa = PBXGroup;
			children = (
				0AA1E8FE2A406A480052B849 /* LockscreenWidgetBundle.swift */,
				0AA1E9002A406A480052B849 /* LockscreenWidgetLiveActivity.swift */,
				0AA1E9022A406A480052B849 /* LockscreenWidget.swift */,
				0AA1E9042A406A480052B849 /* LockscreenWidget.intentdefinition */,
				0AA1E9052A406A4E0052B849 /* Assets.xcassets */,
				0AA1E9072A406A4E0052B849 /* Info.plist */,
			);
			path = LockscreenWidget;
			sourceTree = "<group>";
		};
		0AA604DD29E04042007ACE58 /* NewContactView */ = {
			isa = PBXGroup;
			children = (
				0ACE797929DED2D400599C19 /* NewContactCustomView.swift */,
			);
			path = NewContactView;
			sourceTree = "<group>";
		};
		0AA604E029E1460E007ACE58 /* Model */ = {
			isa = PBXGroup;
			children = (
				0AA604E129E1465F007ACE58 /* Realm */,
				0A8DD8D929BC8BD900B2DDAB /* DateFormatters */,
			);
			path = Model;
			sourceTree = "<group>";
		};
		0AA604E129E1465F007ACE58 /* Realm */ = {
			isa = PBXGroup;
			children = (
				0AA604E229E14673007ACE58 /* ScheduleModel.swift */,
				0AA74A2729EC524200F01532 /* AllTaskModel.swift */,
				0A7FFFB729EFD9E100CAC9DA /* ContactModel.swift */,
			);
			path = Realm;
			sourceTree = "<group>";
		};
		0AA604E429E14805007ACE58 /* Realm Managers */ = {
			isa = PBXGroup;
			children = (
				0AA604E529E14814007ACE58 /* ScheduleRealmManager.swift */,
				0AA74A2529EC521800F01532 /* AllTasksRealmManager.swift */,
				0A7FFFB929EFDC0B00CAC9DA /* ContactRealmManager.swift */,
			);
			path = "Realm Managers";
			sourceTree = "<group>";
		};
		0AA604E729E16BF6007ACE58 /* UIColor+Extensions */ = {
			isa = PBXGroup;
			children = (
				0AA604E829E16C05007ACE58 /* ColorExtensions.swift */,
				0AA74A2029E6EAB200F01532 /* ColorConverters.swift */,
			);
			path = "UIColor+Extensions";
			sourceTree = "<group>";
		};
		0AA604EA29E16DA1007ACE58 /* Protocols */ = {
			isa = PBXGroup;
			children = (
				0AA604EB29E16DC1007ACE58 /* PressButtonProtocols.swift */,
				0A8D25092A29CED300022622 /* CheckSuccessSaveProtocol.swift */,
			);
			path = Protocols;
			sourceTree = "<group>";
		};
		0AA74A2229E715DA00F01532 /* Date */ = {
			isa = PBXGroup;
			children = (
				0AA74A2329E715ED00F01532 /* DateFormatters.swift */,
			);
			path = Date;
			sourceTree = "<group>";
		};
		0AA8EC5B29C76897004DC6DD /* AlertControllers+Extensions */ = {
			isa = PBXGroup;
			children = (
				0ACE796A29D9EEAA00599C19 /* AlertSpinner.swift */,
				0AA8EC5C29C76968004DC6DD /* AlertDate.swift */,
				0AA8EC5E29C7AA56004DC6DD /* AlertTime.swift */,
				0A99A8FC29CD855100CC5A42 /* AlertTextField.swift */,
				0ADAB9FB2A310EEA00A5C2B2 /* AlertPhoneNumber.swift */,
				0AA604DB29E03CB1007ACE58 /* AlertContacts.swift */,
				0AA604DE29E04541007ACE58 /* AlertImagePicker.swift */,
				0AB763B929E3FAC900BFDB0D /* AlertError.swift */,
				0A525DAE29FC3C3B009D116F /* AlertNewName.swift */,
				0A6152112A09D57000A26792 /* AlertDismissed.swift */,
				0A6152132A09E57700A26792 /* AlertActionWithURL.swift */,
			);
			path = "AlertControllers+Extensions";
			sourceTree = "<group>";
		};
		0AA8EC7029CAF52E004DC6DD /* Extensions */ = {
			isa = PBXGroup;
			children = (
				0A9918C02A4EC75D001004FA /* AccessSettings+Extension */,
				0AF2D6F22A166A720093A824 /* UIView+Extensions */,
				0A7FFFBB29F1325500CAC9DA /* String+Extensions */,
				0AA74A2229E715DA00F01532 /* Date */,
				0AA604E729E16BF6007ACE58 /* UIColor+Extensions */,
				0AA8EC5B29C76897004DC6DD /* AlertControllers+Extensions */,
			);
			path = Extensions;
			sourceTree = "<group>";
		};
		0AEAA9F42A2687D400BE85A4 /* KeyChain  */ = {
			isa = PBXGroup;
			children = (
				0AEAA9F52A26884A00BE85A4 /* KeyChainClass.swift */,
			);
			path = "KeyChain ";
			sourceTree = "<group>";
		};
		0AF2D6F22A166A720093A824 /* UIView+Extensions */ = {
			isa = PBXGroup;
			children = (
				0AF2D6F02A1364EC0093A824 /* AlertUser.swift */,
			);
			path = "UIView+Extensions";
			sourceTree = "<group>";
		};
		0AF2D6F62A189A1F0093A824 /* ScheduleVC */ = {
			isa = PBXGroup;
			children = (
				0A8AC1A029B9D46D00EA052B /* ScheduleVC.swift */,
				0AF2D6EE2A1141360093A824 /* ScheduleSearchResultVC.swift */,
				0AACE7A82A1F80D500531C84 /* ScheduleAllEventVC.swift */,
			);
			path = ScheduleVC;
			sourceTree = "<group>";
		};
		0AF2D6F92A189CF00093A824 /* EventEditingOrCreating */ = {
			isa = PBXGroup;
			children = (
				0A0CE6F629C461F600A14648 /* CreateEventScheduleVC.swift */,
				0AF2D6F72A189A390093A824 /* EditEventScheduleVC.swift */,
			);
			path = EventEditingOrCreating;
			sourceTree = "<group>";
		};
/* End PBXGroup section */

/* Begin PBXNativeTarget section */
		0A86ED0B29B5D97F001C9BAF /* ForgetAboutTasks */ = {
			isa = PBXNativeTarget;
			buildConfigurationList = 0A86ED3929B5D981001C9BAF /* Build configuration list for PBXNativeTarget "ForgetAboutTasks" */;
			buildPhases = (
				0A86ED0829B5D97F001C9BAF /* Sources */,
				0A86ED0929B5D97F001C9BAF /* Frameworks */,
				0A86ED0A29B5D97F001C9BAF /* Resources */,
				0AA1E9102A406A4E0052B849 /* Embed Foundation Extensions */,
			);
			buildRules = (
			);
			dependencies = (
			);
			name = ForgetAboutTasks;
			packageProductDependencies = (
				0A0A49C22A02D22300517E6F /* FSCalendar */,
				0A0A49C52A02D23900517E6F /* SnapKit */,
				0A0A49CF2A02D30F00517E6F /* GoogleSignIn */,
				0A0A49D12A02D30F00517E6F /* GoogleSignInSwift */,
				0A0A49D42A02D3A100517E6F /* Realm */,
				0A0A49D62A02D3A100517E6F /* RealmSwift */,
				0A0A49D92A04E64F00517E6F /* FirebaseAuth */,
				0A0A49DB2A04E64F00517E6F /* FirebaseDatabase */,
				0A0A49DD2A04E64F00517E6F /* FirebaseDatabaseSwift */,
			);
			productName = ForgetAboutTasks;
			productReference = 0A86ED0C29B5D97F001C9BAF /* ForgetAboutTasks.app */;
			productType = "com.apple.product-type.application";
		};
		0A86ED2429B5D981001C9BAF /* ForgetAboutTasksTests */ = {
			isa = PBXNativeTarget;
			buildConfigurationList = 0A86ED3C29B5D981001C9BAF /* Build configuration list for PBXNativeTarget "ForgetAboutTasksTests" */;
			buildPhases = (
				0A86ED2129B5D981001C9BAF /* Sources */,
				0A86ED2229B5D981001C9BAF /* Frameworks */,
				0A86ED2329B5D981001C9BAF /* Resources */,
			);
			buildRules = (
			);
			dependencies = (
				0A86ED2729B5D981001C9BAF /* PBXTargetDependency */,
			);
			name = ForgetAboutTasksTests;
			productName = ForgetAboutTasksTests;
			productReference = 0A86ED2529B5D981001C9BAF /* ForgetAboutTasksTests.xctest */;
			productType = "com.apple.product-type.bundle.unit-test";
		};
		0A86ED2E29B5D981001C9BAF /* ForgetAboutTasksUITests */ = {
			isa = PBXNativeTarget;
			buildConfigurationList = 0A86ED3F29B5D981001C9BAF /* Build configuration list for PBXNativeTarget "ForgetAboutTasksUITests" */;
			buildPhases = (
				0A86ED2B29B5D981001C9BAF /* Sources */,
				0A86ED2C29B5D981001C9BAF /* Frameworks */,
				0A86ED2D29B5D981001C9BAF /* Resources */,
			);
			buildRules = (
			);
			dependencies = (
				0A86ED3129B5D981001C9BAF /* PBXTargetDependency */,
			);
			name = ForgetAboutTasksUITests;
			productName = ForgetAboutTasksUITests;
			productReference = 0A86ED2F29B5D981001C9BAF /* ForgetAboutTasksUITests.xctest */;
			productType = "com.apple.product-type.bundle.ui-testing";
		};
		0AA1E8F62A406A470052B849 /* LockscreenWidgetExtension */ = {
			isa = PBXNativeTarget;
			buildConfigurationList = 0AA1E90D2A406A4E0052B849 /* Build configuration list for PBXNativeTarget "LockscreenWidgetExtension" */;
			buildPhases = (
				0AA1E8F32A406A470052B849 /* Sources */,
				0AA1E8F42A406A470052B849 /* Frameworks */,
				0AA1E8F52A406A470052B849 /* Resources */,
			);
			buildRules = (
			);
			dependencies = (
			);
			name = LockscreenWidgetExtension;
			productName = LockscreenWidgetExtension;
			productReference = 0AA1E8F72A406A470052B849 /* LockscreenWidgetExtension.appex */;
			productType = "com.apple.product-type.app-extension";
		};
/* End PBXNativeTarget section */

/* Begin PBXProject section */
		0A86ED0429B5D97F001C9BAF /* Project object */ = {
			isa = PBXProject;
			attributes = {
				BuildIndependentTargetsInParallel = 1;
				LastSwiftUpdateCheck = 1430;
				LastUpgradeCheck = 1420;
				TargetAttributes = {
					0A86ED0B29B5D97F001C9BAF = {
						CreatedOnToolsVersion = 14.2;
					};
					0A86ED2429B5D981001C9BAF = {
						CreatedOnToolsVersion = 14.2;
						TestTargetID = 0A86ED0B29B5D97F001C9BAF;
					};
					0A86ED2E29B5D981001C9BAF = {
						CreatedOnToolsVersion = 14.2;
						TestTargetID = 0A86ED0B29B5D97F001C9BAF;
					};
					0AA1E8F62A406A470052B849 = {
						CreatedOnToolsVersion = 14.3.1;
					};
				};
			};
			buildConfigurationList = 0A86ED0729B5D97F001C9BAF /* Build configuration list for PBXProject "ForgetAboutTasks" */;
			compatibilityVersion = "Xcode 14.0";
			developmentRegion = en;
			hasScannedForEncodings = 0;
			knownRegions = (
				en,
				Base,
				ru,
			);
			mainGroup = 0A86ED0329B5D97F001C9BAF;
			packageReferences = (
				0A0A49C12A02D22300517E6F /* XCRemoteSwiftPackageReference "FSCalendar" */,
				0A0A49C42A02D23900517E6F /* XCRemoteSwiftPackageReference "SnapKit" */,
				0A0A49CE2A02D30F00517E6F /* XCRemoteSwiftPackageReference "GoogleSignIn-iOS" */,
				0A0A49D32A02D3A100517E6F /* XCRemoteSwiftPackageReference "realm-swift" */,
				0A0A49D82A04E64F00517E6F /* XCRemoteSwiftPackageReference "firebase-ios-sdk" */,
			);
			productRefGroup = 0A86ED0D29B5D97F001C9BAF /* Products */;
			projectDirPath = "";
			projectRoot = "";
			targets = (
				0A86ED0B29B5D97F001C9BAF /* ForgetAboutTasks */,
				0A86ED2429B5D981001C9BAF /* ForgetAboutTasksTests */,
				0A86ED2E29B5D981001C9BAF /* ForgetAboutTasksUITests */,
				0AA1E8F62A406A470052B849 /* LockscreenWidgetExtension */,
			);
		};
/* End PBXProject section */

/* Begin PBXResourcesBuildPhase section */
		0A86ED0A29B5D97F001C9BAF /* Resources */ = {
			isa = PBXResourcesBuildPhase;
			buildActionMask = 2147483647;
			files = (
				0A86ED1F29B5D981001C9BAF /* LaunchScreen.storyboard in Resources */,
				0A9918B62A498C5A001004FA /* Localizable.strings in Resources */,
				0A86ED1C29B5D981001C9BAF /* Assets.xcassets in Resources */,
				0A9E1C3829CEEC4B000CC9A9 /* GoogleService-Info.plist in Resources */,
			);
			runOnlyForDeploymentPostprocessing = 0;
		};
		0A86ED2329B5D981001C9BAF /* Resources */ = {
			isa = PBXResourcesBuildPhase;
			buildActionMask = 2147483647;
			files = (
			);
			runOnlyForDeploymentPostprocessing = 0;
		};
		0A86ED2D29B5D981001C9BAF /* Resources */ = {
			isa = PBXResourcesBuildPhase;
			buildActionMask = 2147483647;
			files = (
			);
			runOnlyForDeploymentPostprocessing = 0;
		};
		0AA1E8F52A406A470052B849 /* Resources */ = {
			isa = PBXResourcesBuildPhase;
			buildActionMask = 2147483647;
			files = (
				0AA1E9062A406A4E0052B849 /* Assets.xcassets in Resources */,
			);
			runOnlyForDeploymentPostprocessing = 0;
		};
/* End PBXResourcesBuildPhase section */

/* Begin PBXSourcesBuildPhase section */
		0A86ED0829B5D97F001C9BAF /* Sources */ = {
			isa = PBXSourcesBuildPhase;
			buildActionMask = 2147483647;
			files = (
				0AA74A2629EC521800F01532 /* AllTasksRealmManager.swift in Sources */,
				0AEAA9F62A26884A00BE85A4 /* KeyChainClass.swift in Sources */,
				0ACE797829DECF3300599C19 /* NewContactVC.swift in Sources */,
				0AA1E9392A4128CA0052B849 /* LockscreenWidget.intentdefinition in Sources */,
				0A525DAF29FC3C3B009D116F /* AlertNewName.swift in Sources */,
				0AA604EC29E16DC1007ACE58 /* PressButtonProtocols.swift in Sources */,
				0ACE797A29DED2D400599C19 /* NewContactCustomView.swift in Sources */,
				0AA8EC5D29C76968004DC6DD /* AlertDate.swift in Sources */,
				0A8AC19F29B9D00A00EA052B /* TabBarViewController.swift in Sources */,
				0A6152142A09E57700A26792 /* AlertActionWithURL.swift in Sources */,
				0A6152122A09D57000A26792 /* AlertDismissed.swift in Sources */,
				0A8DD8DB29BC8BEB00B2DDAB /* Formatters.swift in Sources */,
				0A2717B829FE518000EFBC11 /* OpenTaskDetailVC.swift in Sources */,
				0A99A90B29CD9CB300CC5A42 /* CheckAuth.swift in Sources */,
				0A8AC1A829B9DBD300EA052B /* UserProfileVC.swift in Sources */,
				0AA604E629E14814007ACE58 /* ScheduleRealmManager.swift in Sources */,
				0A8AC1A629B9D4FA00EA052B /* ContactsVC.swift in Sources */,
				0AA604E929E16C05007ACE58 /* ColorExtensions.swift in Sources */,
				0AA604DF29E04541007ACE58 /* AlertImagePicker.swift in Sources */,
				0ADAB9FC2A310EEA00A5C2B2 /* AlertPhoneNumber.swift in Sources */,
				0AA74A2429E715ED00F01532 /* DateFormatters.swift in Sources */,
				0A0CE6F729C461F600A14648 /* CreateEventScheduleVC.swift in Sources */,
				0AA8EC5F29C7AA56004DC6DD /* AlertTime.swift in Sources */,
				0AB763BA29E3FAC900BFDB0D /* AlertError.swift in Sources */,
				0AF2D6F12A1364EC0093A824 /* AlertUser.swift in Sources */,
				0A99A8FD29CD855100CC5A42 /* AlertTextField.swift in Sources */,
				0AA74A2129E6EAB200F01532 /* ColorConverters.swift in Sources */,
				0A8D250D2A2C108D00022622 /* ScheduleTableViewCell.swift in Sources */,
				0A99A8FF29CD8FE000CC5A42 /* AllTasksToDoVC.swift in Sources */,
				0A8AC1A129B9D46D00EA052B /* ScheduleVC.swift in Sources */,
				0AF2D6EF2A1141360093A824 /* ScheduleSearchResultVC.swift in Sources */,
				0A86ED1A29B5D97F001C9BAF /* ForgetAboutTasks.xcdatamodeld in Sources */,
				0A7FFFBD29F1326A00CAC9DA /* String+Extension.swift in Sources */,
				0A9918B22A41B655001004FA /* LockscreenWidget.swift in Sources */,
				0ACE796B29D9EEAA00599C19 /* AlertSpinner.swift in Sources */,
				0AEAA9F82A272BB600BE85A4 /* EditContactVC.swift in Sources */,
				0A99A90729CD99CA00CC5A42 /* UserAuthController.swift in Sources */,
				0A2717BA2A01F7FE00EFBC11 /* AllTasksDetailVC.swift in Sources */,
				0ACE797229DD95C600599C19 /* CreateTaskTableVC.swift in Sources */,
				0AACE7A92A1F80D500531C84 /* ScheduleAllEventVC.swift in Sources */,
				0AF2D6F82A189A390093A824 /* EditEventScheduleVC.swift in Sources */,
				0A86ED1029B5D97F001C9BAF /* AppDelegate.swift in Sources */,
				0A9E1C3A29CEEDCE000CC9A9 /* LoginController.swift in Sources */,
				0A8AC1A429B9D4EB00EA052B /* CreateTaskForDayVC.swift in Sources */,
				0A9918C42A50158A001004FA /* CalendarCenterAccess.swift in Sources */,
				0A7FFFBA29EFDC0B00CAC9DA /* ContactRealmManager.swift in Sources */,
				0A9E1C3C29D0778F000CC9A9 /* RegisterAccountController.swift in Sources */,
				0A86ED1229B5D97F001C9BAF /* SceneDelegate.swift in Sources */,
				0AB0A96F2A1C61D30084AE07 /* EditTaskTableVC.swift in Sources */,
				0AA604DC29E03CB1007ACE58 /* AlertContacts.swift in Sources */,
				0A8D250A2A29CED300022622 /* CheckSuccessSaveProtocol.swift in Sources */,
				0A9918C22A4EC78B001004FA /* NotificationCenterAccess.swift in Sources */,
				0AA74A2829EC524200F01532 /* AllTaskModel.swift in Sources */,
				0A7FFFB829EFD9E100CAC9DA /* ContactModel.swift in Sources */,
				0AEAA9F32A264BBF00BE85A4 /* ResetPasswordController.swift in Sources */,
				0AA604E329E14673007ACE58 /* ScheduleModel.swift in Sources */,
			);
			runOnlyForDeploymentPostprocessing = 0;
		};
		0A86ED2129B5D981001C9BAF /* Sources */ = {
			isa = PBXSourcesBuildPhase;
			buildActionMask = 2147483647;
			files = (
				0A86ED2A29B5D981001C9BAF /* ForgetAboutTasksTests.swift in Sources */,
			);
			runOnlyForDeploymentPostprocessing = 0;
		};
		0A86ED2B29B5D981001C9BAF /* Sources */ = {
			isa = PBXSourcesBuildPhase;
			buildActionMask = 2147483647;
			files = (
				0A86ED3629B5D981001C9BAF /* ForgetAboutTasksUITestsLaunchTests.swift in Sources */,
				0A86ED3429B5D981001C9BAF /* ForgetAboutTasksUITests.swift in Sources */,
			);
			runOnlyForDeploymentPostprocessing = 0;
		};
		0AA1E8F32A406A470052B849 /* Sources */ = {
			isa = PBXSourcesBuildPhase;
			buildActionMask = 2147483647;
			files = (
				0AA1E8FF2A406A480052B849 /* LockscreenWidgetBundle.swift in Sources */,
				0AA1E9082A406A4E0052B849 /* LockscreenWidget.intentdefinition in Sources */,
				0AA1E91C2A4125560052B849 /* LockscreenWidget.swift in Sources */,
				0AA1E9012A406A480052B849 /* LockscreenWidgetLiveActivity.swift in Sources */,
			);
			runOnlyForDeploymentPostprocessing = 0;
		};
/* End PBXSourcesBuildPhase section */

/* Begin PBXTargetDependency section */
		0A86ED2729B5D981001C9BAF /* PBXTargetDependency */ = {
			isa = PBXTargetDependency;
			target = 0A86ED0B29B5D97F001C9BAF /* ForgetAboutTasks */;
			targetProxy = 0A86ED2629B5D981001C9BAF /* PBXContainerItemProxy */;
		};
		0A86ED3129B5D981001C9BAF /* PBXTargetDependency */ = {
			isa = PBXTargetDependency;
			target = 0A86ED0B29B5D97F001C9BAF /* ForgetAboutTasks */;
			targetProxy = 0A86ED3029B5D981001C9BAF /* PBXContainerItemProxy */;
		};
/* End PBXTargetDependency section */

/* Begin PBXVariantGroup section */
		0A86ED1D29B5D981001C9BAF /* LaunchScreen.storyboard */ = {
			isa = PBXVariantGroup;
			children = (
				0A86ED1E29B5D981001C9BAF /* Base */,
			);
			name = LaunchScreen.storyboard;
			sourceTree = "<group>";
		};
		0A9918B82A498C5A001004FA /* Localizable.strings */ = {
			isa = PBXVariantGroup;
			children = (
				0A9918B72A498C5A001004FA /* en */,
				0A9918B92A498C8B001004FA /* ru */,
			);
			name = Localizable.strings;
			sourceTree = "<group>";
		};
/* End PBXVariantGroup section */

/* Begin XCBuildConfiguration section */
		0A86ED3729B5D981001C9BAF /* Debug */ = {
			isa = XCBuildConfiguration;
			buildSettings = {
				ALWAYS_SEARCH_USER_PATHS = NO;
				CLANG_ANALYZER_LOCALIZABILITY_NONLOCALIZED = YES;
				CLANG_ANALYZER_NONNULL = YES;
				CLANG_ANALYZER_NUMBER_OBJECT_CONVERSION = YES_AGGRESSIVE;
				CLANG_CXX_LANGUAGE_STANDARD = "gnu++20";
				CLANG_ENABLE_MODULES = YES;
				CLANG_ENABLE_OBJC_ARC = YES;
				CLANG_ENABLE_OBJC_WEAK = YES;
				CLANG_WARN_BLOCK_CAPTURE_AUTORELEASING = YES;
				CLANG_WARN_BOOL_CONVERSION = YES;
				CLANG_WARN_COMMA = YES;
				CLANG_WARN_CONSTANT_CONVERSION = YES;
				CLANG_WARN_DEPRECATED_OBJC_IMPLEMENTATIONS = YES;
				CLANG_WARN_DIRECT_OBJC_ISA_USAGE = YES_ERROR;
				CLANG_WARN_DOCUMENTATION_COMMENTS = YES;
				CLANG_WARN_EMPTY_BODY = YES;
				CLANG_WARN_ENUM_CONVERSION = YES;
				CLANG_WARN_INFINITE_RECURSION = YES;
				CLANG_WARN_INT_CONVERSION = YES;
				CLANG_WARN_NON_LITERAL_NULL_CONVERSION = YES;
				CLANG_WARN_OBJC_IMPLICIT_RETAIN_SELF = YES;
				CLANG_WARN_OBJC_LITERAL_CONVERSION = YES;
				CLANG_WARN_OBJC_ROOT_CLASS = YES_ERROR;
				CLANG_WARN_QUOTED_INCLUDE_IN_FRAMEWORK_HEADER = YES;
				CLANG_WARN_RANGE_LOOP_ANALYSIS = YES;
				CLANG_WARN_STRICT_PROTOTYPES = YES;
				CLANG_WARN_SUSPICIOUS_MOVE = YES;
				CLANG_WARN_UNGUARDED_AVAILABILITY = YES_AGGRESSIVE;
				CLANG_WARN_UNREACHABLE_CODE = YES;
				CLANG_WARN__DUPLICATE_METHOD_MATCH = YES;
				COPY_PHASE_STRIP = NO;
				DEBUG_INFORMATION_FORMAT = dwarf;
				ENABLE_STRICT_OBJC_MSGSEND = YES;
				ENABLE_TESTABILITY = YES;
				GCC_C_LANGUAGE_STANDARD = gnu11;
				GCC_DYNAMIC_NO_PIC = NO;
				GCC_NO_COMMON_BLOCKS = YES;
				GCC_OPTIMIZATION_LEVEL = 0;
				GCC_PREPROCESSOR_DEFINITIONS = (
					"DEBUG=1",
					"$(inherited)",
				);
				GCC_WARN_64_TO_32_BIT_CONVERSION = YES;
				GCC_WARN_ABOUT_RETURN_TYPE = YES_ERROR;
				GCC_WARN_UNDECLARED_SELECTOR = YES;
				GCC_WARN_UNINITIALIZED_AUTOS = YES_AGGRESSIVE;
				GCC_WARN_UNUSED_FUNCTION = YES;
				GCC_WARN_UNUSED_VARIABLE = YES;
				IPHONEOS_DEPLOYMENT_TARGET = 16.2;
				MTL_ENABLE_DEBUG_INFO = INCLUDE_SOURCE;
				MTL_FAST_MATH = YES;
				ONLY_ACTIVE_ARCH = YES;
				SDKROOT = iphoneos;
				SWIFT_ACTIVE_COMPILATION_CONDITIONS = DEBUG;
				SWIFT_OPTIMIZATION_LEVEL = "-Onone";
			};
			name = Debug;
		};
		0A86ED3829B5D981001C9BAF /* Release */ = {
			isa = XCBuildConfiguration;
			buildSettings = {
				ALWAYS_SEARCH_USER_PATHS = NO;
				CLANG_ANALYZER_LOCALIZABILITY_NONLOCALIZED = YES;
				CLANG_ANALYZER_NONNULL = YES;
				CLANG_ANALYZER_NUMBER_OBJECT_CONVERSION = YES_AGGRESSIVE;
				CLANG_CXX_LANGUAGE_STANDARD = "gnu++20";
				CLANG_ENABLE_MODULES = YES;
				CLANG_ENABLE_OBJC_ARC = YES;
				CLANG_ENABLE_OBJC_WEAK = YES;
				CLANG_WARN_BLOCK_CAPTURE_AUTORELEASING = YES;
				CLANG_WARN_BOOL_CONVERSION = YES;
				CLANG_WARN_COMMA = YES;
				CLANG_WARN_CONSTANT_CONVERSION = YES;
				CLANG_WARN_DEPRECATED_OBJC_IMPLEMENTATIONS = YES;
				CLANG_WARN_DIRECT_OBJC_ISA_USAGE = YES_ERROR;
				CLANG_WARN_DOCUMENTATION_COMMENTS = YES;
				CLANG_WARN_EMPTY_BODY = YES;
				CLANG_WARN_ENUM_CONVERSION = YES;
				CLANG_WARN_INFINITE_RECURSION = YES;
				CLANG_WARN_INT_CONVERSION = YES;
				CLANG_WARN_NON_LITERAL_NULL_CONVERSION = YES;
				CLANG_WARN_OBJC_IMPLICIT_RETAIN_SELF = YES;
				CLANG_WARN_OBJC_LITERAL_CONVERSION = YES;
				CLANG_WARN_OBJC_ROOT_CLASS = YES_ERROR;
				CLANG_WARN_QUOTED_INCLUDE_IN_FRAMEWORK_HEADER = YES;
				CLANG_WARN_RANGE_LOOP_ANALYSIS = YES;
				CLANG_WARN_STRICT_PROTOTYPES = YES;
				CLANG_WARN_SUSPICIOUS_MOVE = YES;
				CLANG_WARN_UNGUARDED_AVAILABILITY = YES_AGGRESSIVE;
				CLANG_WARN_UNREACHABLE_CODE = YES;
				CLANG_WARN__DUPLICATE_METHOD_MATCH = YES;
				COPY_PHASE_STRIP = NO;
				DEBUG_INFORMATION_FORMAT = "dwarf-with-dsym";
				ENABLE_NS_ASSERTIONS = NO;
				ENABLE_STRICT_OBJC_MSGSEND = YES;
				GCC_C_LANGUAGE_STANDARD = gnu11;
				GCC_NO_COMMON_BLOCKS = YES;
				GCC_WARN_64_TO_32_BIT_CONVERSION = YES;
				GCC_WARN_ABOUT_RETURN_TYPE = YES_ERROR;
				GCC_WARN_UNDECLARED_SELECTOR = YES;
				GCC_WARN_UNINITIALIZED_AUTOS = YES_AGGRESSIVE;
				GCC_WARN_UNUSED_FUNCTION = YES;
				GCC_WARN_UNUSED_VARIABLE = YES;
				IPHONEOS_DEPLOYMENT_TARGET = 16.2;
				MTL_ENABLE_DEBUG_INFO = NO;
				MTL_FAST_MATH = YES;
				SDKROOT = iphoneos;
				SWIFT_COMPILATION_MODE = wholemodule;
				SWIFT_OPTIMIZATION_LEVEL = "-O";
				VALIDATE_PRODUCT = YES;
			};
			name = Release;
		};
		0A86ED3A29B5D981001C9BAF /* Debug */ = {
			isa = XCBuildConfiguration;
			buildSettings = {
				ALWAYS_EMBED_SWIFT_STANDARD_LIBRARIES = YES;
				ASSETCATALOG_COMPILER_APPICON_NAME = AppIcon;
				ASSETCATALOG_COMPILER_GLOBAL_ACCENT_COLOR_NAME = AccentColor;
				CODE_SIGN_ENTITLEMENTS = ForgetAboutTasks/ForgetAboutTasks.entitlements;
				CODE_SIGN_STYLE = Automatic;
				CURRENT_PROJECT_VERSION = 1;
				DEVELOPMENT_TEAM = 2275P6FG35;
				GENERATE_INFOPLIST_FILE = YES;
				INFOPLIST_FILE = ForgetAboutTasks/Resources/Info.plist;
				INFOPLIST_KEY_CFBundleDisplayName = "Forget About Tasks";
				INFOPLIST_KEY_NSCalendarsUsageDescription = "Please allow access to the Calendar application to import your selected events there";
				INFOPLIST_KEY_NSCameraUsageDescription = "Please allow to use camera for setting up photo on user image";
				INFOPLIST_KEY_NSContactsUsageDescription = "This app need Your access to contacts to get import and export data.";
				INFOPLIST_KEY_NSPhotoLibraryAddUsageDescription = "Please allow to use your own photo library for Your choosing images for profile images";
				INFOPLIST_KEY_NSPhotoLibraryUsageDescription = "Please allow to use photo library to import photos in some events";
				INFOPLIST_KEY_NSRemindersUsageDescription = "Please allow to use notification to get fresh reminders from calendar";
				INFOPLIST_KEY_UIApplicationSupportsIndirectInputEvents = YES;
				INFOPLIST_KEY_UILaunchStoryboardName = LaunchScreen;
				INFOPLIST_KEY_UIStatusBarStyle = "";
				INFOPLIST_KEY_UISupportedInterfaceOrientations = UIInterfaceOrientationPortrait;
				LD_RUNPATH_SEARCH_PATHS = (
					"$(inherited)",
					"@executable_path/Frameworks",
				);
				MARKETING_VERSION = 1.0;
				PRODUCT_BUNDLE_IDENTIFIER = Malkov.KS.ForgetAboutTasks;
				PRODUCT_NAME = "$(TARGET_NAME)";
				SWIFT_EMIT_LOC_STRINGS = YES;
				SWIFT_VERSION = 5.0;
				TARGETED_DEVICE_FAMILY = "1,2";
			};
			name = Debug;
		};
		0A86ED3B29B5D981001C9BAF /* Release */ = {
			isa = XCBuildConfiguration;
			buildSettings = {
				ALWAYS_EMBED_SWIFT_STANDARD_LIBRARIES = YES;
				ASSETCATALOG_COMPILER_APPICON_NAME = AppIcon;
				ASSETCATALOG_COMPILER_GLOBAL_ACCENT_COLOR_NAME = AccentColor;
				CODE_SIGN_ENTITLEMENTS = ForgetAboutTasks/ForgetAboutTasks.entitlements;
				CODE_SIGN_STYLE = Automatic;
				CURRENT_PROJECT_VERSION = 1;
				DEVELOPMENT_TEAM = 2275P6FG35;
				GENERATE_INFOPLIST_FILE = YES;
				INFOPLIST_FILE = ForgetAboutTasks/Resources/Info.plist;
				INFOPLIST_KEY_CFBundleDisplayName = "Forget About Tasks";
				INFOPLIST_KEY_NSCalendarsUsageDescription = "Please allow access to the Calendar application to import your selected events there";
				INFOPLIST_KEY_NSCameraUsageDescription = "Please allow to use camera for setting up photo on user image";
				INFOPLIST_KEY_NSContactsUsageDescription = "This app need Your access to contacts to get import and export data.";
				INFOPLIST_KEY_NSPhotoLibraryAddUsageDescription = "Please allow to use your own photo library for Your choosing images for profile images";
				INFOPLIST_KEY_NSPhotoLibraryUsageDescription = "Please allow to use photo library to import photos in some events";
				INFOPLIST_KEY_NSRemindersUsageDescription = "Please allow to use notification to get fresh reminders from calendar";
				INFOPLIST_KEY_UIApplicationSupportsIndirectInputEvents = YES;
				INFOPLIST_KEY_UILaunchStoryboardName = LaunchScreen;
				INFOPLIST_KEY_UIStatusBarStyle = "";
				INFOPLIST_KEY_UISupportedInterfaceOrientations = UIInterfaceOrientationPortrait;
				LD_RUNPATH_SEARCH_PATHS = (
					"$(inherited)",
					"@executable_path/Frameworks",
				);
				MARKETING_VERSION = 1.0;
				PRODUCT_BUNDLE_IDENTIFIER = Malkov.KS.ForgetAboutTasks;
				PRODUCT_NAME = "$(TARGET_NAME)";
				SWIFT_EMIT_LOC_STRINGS = YES;
				SWIFT_VERSION = 5.0;
				TARGETED_DEVICE_FAMILY = "1,2";
			};
			name = Release;
		};
		0A86ED3D29B5D981001C9BAF /* Debug */ = {
			isa = XCBuildConfiguration;
			buildSettings = {
				ALWAYS_EMBED_SWIFT_STANDARD_LIBRARIES = YES;
				BUNDLE_LOADER = "$(TEST_HOST)";
				CODE_SIGN_STYLE = Automatic;
				CURRENT_PROJECT_VERSION = 1;
				DEVELOPMENT_TEAM = 8UABHSLKYJ;
				GENERATE_INFOPLIST_FILE = YES;
				IPHONEOS_DEPLOYMENT_TARGET = 16.2;
				MARKETING_VERSION = 1.0;
				PRODUCT_BUNDLE_IDENTIFIER = Malkov.KS.ForgetAboutTasksTests;
				PRODUCT_NAME = "$(TARGET_NAME)";
				SWIFT_EMIT_LOC_STRINGS = NO;
				SWIFT_VERSION = 5.0;
				TARGETED_DEVICE_FAMILY = "1,2";
				TEST_HOST = "$(BUILT_PRODUCTS_DIR)/ForgetAboutTasks.app/$(BUNDLE_EXECUTABLE_FOLDER_PATH)/ForgetAboutTasks";
			};
			name = Debug;
		};
		0A86ED3E29B5D981001C9BAF /* Release */ = {
			isa = XCBuildConfiguration;
			buildSettings = {
				ALWAYS_EMBED_SWIFT_STANDARD_LIBRARIES = YES;
				BUNDLE_LOADER = "$(TEST_HOST)";
				CODE_SIGN_STYLE = Automatic;
				CURRENT_PROJECT_VERSION = 1;
				DEVELOPMENT_TEAM = 8UABHSLKYJ;
				GENERATE_INFOPLIST_FILE = YES;
				IPHONEOS_DEPLOYMENT_TARGET = 16.2;
				MARKETING_VERSION = 1.0;
				PRODUCT_BUNDLE_IDENTIFIER = Malkov.KS.ForgetAboutTasksTests;
				PRODUCT_NAME = "$(TARGET_NAME)";
				SWIFT_EMIT_LOC_STRINGS = NO;
				SWIFT_VERSION = 5.0;
				TARGETED_DEVICE_FAMILY = "1,2";
				TEST_HOST = "$(BUILT_PRODUCTS_DIR)/ForgetAboutTasks.app/$(BUNDLE_EXECUTABLE_FOLDER_PATH)/ForgetAboutTasks";
			};
			name = Release;
		};
		0A86ED4029B5D981001C9BAF /* Debug */ = {
			isa = XCBuildConfiguration;
			buildSettings = {
				ALWAYS_EMBED_SWIFT_STANDARD_LIBRARIES = YES;
				CODE_SIGN_STYLE = Automatic;
				CURRENT_PROJECT_VERSION = 1;
				DEVELOPMENT_TEAM = 8UABHSLKYJ;
				GENERATE_INFOPLIST_FILE = YES;
				MARKETING_VERSION = 1.0;
				PRODUCT_BUNDLE_IDENTIFIER = Malkov.KS.ForgetAboutTasksUITests;
				PRODUCT_NAME = "$(TARGET_NAME)";
				SWIFT_EMIT_LOC_STRINGS = NO;
				SWIFT_VERSION = 5.0;
				TARGETED_DEVICE_FAMILY = "1,2";
				TEST_TARGET_NAME = ForgetAboutTasks;
			};
			name = Debug;
		};
		0A86ED4129B5D981001C9BAF /* Release */ = {
			isa = XCBuildConfiguration;
			buildSettings = {
				ALWAYS_EMBED_SWIFT_STANDARD_LIBRARIES = YES;
				CODE_SIGN_STYLE = Automatic;
				CURRENT_PROJECT_VERSION = 1;
				DEVELOPMENT_TEAM = 8UABHSLKYJ;
				GENERATE_INFOPLIST_FILE = YES;
				MARKETING_VERSION = 1.0;
				PRODUCT_BUNDLE_IDENTIFIER = Malkov.KS.ForgetAboutTasksUITests;
				PRODUCT_NAME = "$(TARGET_NAME)";
				SWIFT_EMIT_LOC_STRINGS = NO;
				SWIFT_VERSION = 5.0;
				TARGETED_DEVICE_FAMILY = "1,2";
				TEST_TARGET_NAME = ForgetAboutTasks;
			};
			name = Release;
		};
		0AA1E90E2A406A4E0052B849 /* Debug */ = {
			isa = XCBuildConfiguration;
			buildSettings = {
				ASSETCATALOG_COMPILER_GLOBAL_ACCENT_COLOR_NAME = AccentColor;
				ASSETCATALOG_COMPILER_WIDGET_BACKGROUND_COLOR_NAME = WidgetBackground;
				CODE_SIGN_ENTITLEMENTS = LockscreenWidgetExtension.entitlements;
				CODE_SIGN_STYLE = Automatic;
				CURRENT_PROJECT_VERSION = 1;
				DEVELOPMENT_TEAM = 2275P6FG35;
				GENERATE_INFOPLIST_FILE = YES;
				INFOPLIST_FILE = LockscreenWidget/Info.plist;
				INFOPLIST_KEY_CFBundleDisplayName = LockscreenWidget;
				INFOPLIST_KEY_NSHumanReadableCopyright = "";
				IPHONEOS_DEPLOYMENT_TARGET = 16.4;
				LD_RUNPATH_SEARCH_PATHS = (
					"$(inherited)",
					"@executable_path/Frameworks",
					"@executable_path/../../Frameworks",
				);
				MARKETING_VERSION = 1.0;
				PRODUCT_BUNDLE_IDENTIFIER = Malkov.KS.ForgetAboutTasks.LockscreenWidget;
				PRODUCT_NAME = "$(TARGET_NAME)";
				SKIP_INSTALL = YES;
				SWIFT_EMIT_LOC_STRINGS = YES;
				SWIFT_VERSION = 5.0;
				TARGETED_DEVICE_FAMILY = "1,2";
			};
			name = Debug;
		};
		0AA1E90F2A406A4E0052B849 /* Release */ = {
			isa = XCBuildConfiguration;
			buildSettings = {
				ASSETCATALOG_COMPILER_GLOBAL_ACCENT_COLOR_NAME = AccentColor;
				ASSETCATALOG_COMPILER_WIDGET_BACKGROUND_COLOR_NAME = WidgetBackground;
				CODE_SIGN_ENTITLEMENTS = LockscreenWidgetExtension.entitlements;
				CODE_SIGN_STYLE = Automatic;
				CURRENT_PROJECT_VERSION = 1;
				DEVELOPMENT_TEAM = 2275P6FG35;
				GENERATE_INFOPLIST_FILE = YES;
				INFOPLIST_FILE = LockscreenWidget/Info.plist;
				INFOPLIST_KEY_CFBundleDisplayName = LockscreenWidget;
				INFOPLIST_KEY_NSHumanReadableCopyright = "";
				IPHONEOS_DEPLOYMENT_TARGET = 16.4;
				LD_RUNPATH_SEARCH_PATHS = (
					"$(inherited)",
					"@executable_path/Frameworks",
					"@executable_path/../../Frameworks",
				);
				MARKETING_VERSION = 1.0;
				PRODUCT_BUNDLE_IDENTIFIER = Malkov.KS.ForgetAboutTasks.LockscreenWidget;
				PRODUCT_NAME = "$(TARGET_NAME)";
				SKIP_INSTALL = YES;
				SWIFT_EMIT_LOC_STRINGS = YES;
				SWIFT_VERSION = 5.0;
				TARGETED_DEVICE_FAMILY = "1,2";
			};
			name = Release;
		};
/* End XCBuildConfiguration section */

/* Begin XCConfigurationList section */
		0A86ED0729B5D97F001C9BAF /* Build configuration list for PBXProject "ForgetAboutTasks" */ = {
			isa = XCConfigurationList;
			buildConfigurations = (
				0A86ED3729B5D981001C9BAF /* Debug */,
				0A86ED3829B5D981001C9BAF /* Release */,
			);
			defaultConfigurationIsVisible = 0;
			defaultConfigurationName = Release;
		};
		0A86ED3929B5D981001C9BAF /* Build configuration list for PBXNativeTarget "ForgetAboutTasks" */ = {
			isa = XCConfigurationList;
			buildConfigurations = (
				0A86ED3A29B5D981001C9BAF /* Debug */,
				0A86ED3B29B5D981001C9BAF /* Release */,
			);
			defaultConfigurationIsVisible = 0;
			defaultConfigurationName = Release;
		};
		0A86ED3C29B5D981001C9BAF /* Build configuration list for PBXNativeTarget "ForgetAboutTasksTests" */ = {
			isa = XCConfigurationList;
			buildConfigurations = (
				0A86ED3D29B5D981001C9BAF /* Debug */,
				0A86ED3E29B5D981001C9BAF /* Release */,
			);
			defaultConfigurationIsVisible = 0;
			defaultConfigurationName = Release;
		};
		0A86ED3F29B5D981001C9BAF /* Build configuration list for PBXNativeTarget "ForgetAboutTasksUITests" */ = {
			isa = XCConfigurationList;
			buildConfigurations = (
				0A86ED4029B5D981001C9BAF /* Debug */,
				0A86ED4129B5D981001C9BAF /* Release */,
			);
			defaultConfigurationIsVisible = 0;
			defaultConfigurationName = Release;
		};
		0AA1E90D2A406A4E0052B849 /* Build configuration list for PBXNativeTarget "LockscreenWidgetExtension" */ = {
			isa = XCConfigurationList;
			buildConfigurations = (
				0AA1E90E2A406A4E0052B849 /* Debug */,
				0AA1E90F2A406A4E0052B849 /* Release */,
			);
			defaultConfigurationIsVisible = 0;
			defaultConfigurationName = Release;
		};
/* End XCConfigurationList section */

/* Begin XCRemoteSwiftPackageReference section */
		0A0A49C12A02D22300517E6F /* XCRemoteSwiftPackageReference "FSCalendar" */ = {
			isa = XCRemoteSwiftPackageReference;
			repositoryURL = "https://github.com/WenchaoD/FSCalendar";
			requirement = {
				kind = upToNextMajorVersion;
				minimumVersion = 2.0.0;
			};
		};
		0A0A49C42A02D23900517E6F /* XCRemoteSwiftPackageReference "SnapKit" */ = {
			isa = XCRemoteSwiftPackageReference;
			repositoryURL = "https://github.com/SnapKit/SnapKit";
			requirement = {
				kind = upToNextMajorVersion;
				minimumVersion = 5.0.0;
			};
		};
		0A0A49CE2A02D30F00517E6F /* XCRemoteSwiftPackageReference "GoogleSignIn-iOS" */ = {
			isa = XCRemoteSwiftPackageReference;
			repositoryURL = "https://github.com/google/GoogleSignIn-iOS";
			requirement = {
				kind = upToNextMajorVersion;
				minimumVersion = 7.0.0;
			};
		};
		0A0A49D32A02D3A100517E6F /* XCRemoteSwiftPackageReference "realm-swift" */ = {
			isa = XCRemoteSwiftPackageReference;
			repositoryURL = "https://github.com/realm/realm-swift.git";
			requirement = {
				branch = master;
				kind = branch;
			};
		};
		0A0A49D82A04E64F00517E6F /* XCRemoteSwiftPackageReference "firebase-ios-sdk" */ = {
			isa = XCRemoteSwiftPackageReference;
			repositoryURL = "https://github.com/firebase/firebase-ios-sdk";
			requirement = {
				kind = upToNextMajorVersion;
				minimumVersion = 10.0.0;
			};
		};
/* End XCRemoteSwiftPackageReference section */

/* Begin XCSwiftPackageProductDependency section */
		0A0A49C22A02D22300517E6F /* FSCalendar */ = {
			isa = XCSwiftPackageProductDependency;
			package = 0A0A49C12A02D22300517E6F /* XCRemoteSwiftPackageReference "FSCalendar" */;
			productName = FSCalendar;
		};
		0A0A49C52A02D23900517E6F /* SnapKit */ = {
			isa = XCSwiftPackageProductDependency;
			package = 0A0A49C42A02D23900517E6F /* XCRemoteSwiftPackageReference "SnapKit" */;
			productName = SnapKit;
		};
		0A0A49CF2A02D30F00517E6F /* GoogleSignIn */ = {
			isa = XCSwiftPackageProductDependency;
			package = 0A0A49CE2A02D30F00517E6F /* XCRemoteSwiftPackageReference "GoogleSignIn-iOS" */;
			productName = GoogleSignIn;
		};
		0A0A49D12A02D30F00517E6F /* GoogleSignInSwift */ = {
			isa = XCSwiftPackageProductDependency;
			package = 0A0A49CE2A02D30F00517E6F /* XCRemoteSwiftPackageReference "GoogleSignIn-iOS" */;
			productName = GoogleSignInSwift;
		};
		0A0A49D42A02D3A100517E6F /* Realm */ = {
			isa = XCSwiftPackageProductDependency;
			package = 0A0A49D32A02D3A100517E6F /* XCRemoteSwiftPackageReference "realm-swift" */;
			productName = Realm;
		};
		0A0A49D62A02D3A100517E6F /* RealmSwift */ = {
			isa = XCSwiftPackageProductDependency;
			package = 0A0A49D32A02D3A100517E6F /* XCRemoteSwiftPackageReference "realm-swift" */;
			productName = RealmSwift;
		};
		0A0A49D92A04E64F00517E6F /* FirebaseAuth */ = {
			isa = XCSwiftPackageProductDependency;
			package = 0A0A49D82A04E64F00517E6F /* XCRemoteSwiftPackageReference "firebase-ios-sdk" */;
			productName = FirebaseAuth;
		};
		0A0A49DB2A04E64F00517E6F /* FirebaseDatabase */ = {
			isa = XCSwiftPackageProductDependency;
			package = 0A0A49D82A04E64F00517E6F /* XCRemoteSwiftPackageReference "firebase-ios-sdk" */;
			productName = FirebaseDatabase;
		};
		0A0A49DD2A04E64F00517E6F /* FirebaseDatabaseSwift */ = {
			isa = XCSwiftPackageProductDependency;
			package = 0A0A49D82A04E64F00517E6F /* XCRemoteSwiftPackageReference "firebase-ios-sdk" */;
			productName = FirebaseDatabaseSwift;
		};
/* End XCSwiftPackageProductDependency section */

/* Begin XCVersionGroup section */
		0A86ED1829B5D97F001C9BAF /* ForgetAboutTasks.xcdatamodeld */ = {
			isa = XCVersionGroup;
			children = (
				0A86ED1929B5D97F001C9BAF /* ForgetAboutTasks.xcdatamodel */,
			);
			currentVersion = 0A86ED1929B5D97F001C9BAF /* ForgetAboutTasks.xcdatamodel */;
			path = ForgetAboutTasks.xcdatamodeld;
			sourceTree = "<group>";
			versionGroupType = wrapper.xcdatamodel;
		};
/* End XCVersionGroup section */
	};
	rootObject = 0A86ED0429B5D97F001C9BAF /* Project object */;
}
